{
  "name": "@trayio/script-tester",
  "version": "1.0.0",
  "lockfileVersion": 2,
  "requires": true,
  "packages": {
    "": {
      "name": "@trayio/script-tester",
      "version": "1.0.0",
      "license": "ISC",
      "dependencies": {
        "lodash": "^4.17.4",
        "moment": "^2.17.1",
        "mout": "^1.0.0"
      }
    },
    "node_modules/lodash": {
      "version": "4.17.21",
      "resolved": "https://registry.npmjs.org/lodash/-/lodash-4.17.21.tgz",
      "integrity": "sha512-v2kDEe57lecTulaDIuNTPy3Ry4gLGJ6Z1O3vE1krgXZNrsQ+LFTGHVxVjcXPs17LhbZVGedAJv8XZ1tvj5FvSg=="
    },
    "node_modules/moment": {
      "version": "2.29.4",
      "resolved": "https://registry.npmjs.org/moment/-/moment-2.29.4.tgz",
      "integrity": "sha512-5LC9SOxjSc2HF6vO2CyuTDNivEdoz2IvyJJGj6X8DJ0eFyfszE0QiEd+iXmBvUP3WHxSjFH/vIsA0EN00cgr8w==",
      "engines": {
        "node": "*"
      }
    },
    "node_modules/mout": {
      "version": "1.2.4",
      "resolved": "https://registry.npmjs.org/mout/-/mout-1.2.4.tgz",
      "integrity": "sha512-mZb9uOruMWgn/fw28DG4/yE3Kehfk1zKCLhuDU2O3vlKdnBBr4XaOCqVTflJ5aODavGUPqFHZgrFX3NJVuxGhQ=="
    }
  },
  "dependencies": {
    "lodash": {
      "version": "4.17.21",
      "resolved": "https://registry.npmjs.org/lodash/-/lodash-4.17.21.tgz",
      "integrity": "sha512-v2kDEe57lecTulaDIuNTPy3Ry4gLGJ6Z1O3vE1krgXZNrsQ+LFTGHVxVjcXPs17LhbZVGedAJv8XZ1tvj5FvSg=="
    },
    "moment": {
      "version": "2.29.4",
      "resolved": "https://registry.npmjs.org/moment/-/moment-2.29.4.tgz",
      "integrity": "sha512-5LC9SOxjSc2HF6vO2CyuTDNivEdoz2IvyJJGj6X8DJ0eFyfszE0QiEd+iXmBvUP3WHxSjFH/vIsA0EN00cgr8w=="
    },
    "mout": {
      "version": "1.2.4",
      "resolved": "https://registry.npmjs.org/mout/-/mout-1.2.4.tgz",
      "integrity": "sha512-mZb9uOruMWgn/fw28DG4/yE3Kehfk1zKCLhuDU2O3vlKdnBBr4XaOCqVTflJ5aODavGUPqFHZgrFX3NJVuxGhQ=="
    }
  }
}
